// !$*UTF8*$!
{
	archiveVersion = 1;
	classes = {
	};
	objectVersion = 46;
	objects = {

/* Begin PBXBuildFile section */
		6A6C1D471EF8BE790066E478 /* LMAccount.m in Sources */ = {isa = PBXBuildFile; fileRef = 6A6C1D461EF8BE790066E478 /* LMAccount.m */; };
		6A6C1D4B1EF8D4A80066E478 /* UIButton+LMEnlargeTouchArea.m in Sources */ = {isa = PBXBuildFile; fileRef = 6A6C1D4A1EF8D4A80066E478 /* UIButton+LMEnlargeTouchArea.m */; };
		6A6C1D4E1EF8E46F0066E478 /* LMFirstContrViewController.m in Sources */ = {isa = PBXBuildFile; fileRef = 6A6C1D4D1EF8E46F0066E478 /* LMFirstContrViewController.m */; };
		6A6C1D511EF8E47E0066E478 /* LMSecondViewController.m in Sources */ = {isa = PBXBuildFile; fileRef = 6A6C1D501EF8E47E0066E478 /* LMSecondViewController.m */; };
		6A6C1D541EF8E5790066E478 /* UIButton+LMRetouch.m in Sources */ = {isa = PBXBuildFile; fileRef = 6A6C1D531EF8E5790066E478 /* UIButton+LMRetouch.m */; };
		6A6C1D571EF8E8310066E478 /* UIViewController+LMStatistics.m in Sources */ = {isa = PBXBuildFile; fileRef = 6A6C1D561EF8E8310066E478 /* UIViewController+LMStatistics.m */; };
		6ABB8EBD1EF7ECAF004611AB /* main.m in Sources */ = {isa = PBXBuildFile; fileRef = 6ABB8EBC1EF7ECAF004611AB /* main.m */; };
		6ABB8EC01EF7ECAF004611AB /* AppDelegate.m in Sources */ = {isa = PBXBuildFile; fileRef = 6ABB8EBF1EF7ECAF004611AB /* AppDelegate.m */; };
		6ABB8EC31EF7ECAF004611AB /* ViewController.m in Sources */ = {isa = PBXBuildFile; fileRef = 6ABB8EC21EF7ECAF004611AB /* ViewController.m */; };
		6ABB8EC61EF7ECAF004611AB /* Main.storyboard in Resources */ = {isa = PBXBuildFile; fileRef = 6ABB8EC41EF7ECAF004611AB /* Main.storyboard */; };
		6ABB8EC81EF7ECAF004611AB /* Assets.xcassets in Resources */ = {isa = PBXBuildFile; fileRef = 6ABB8EC71EF7ECAF004611AB /* Assets.xcassets */; };
		6ABB8ECB1EF7ECAF004611AB /* LaunchScreen.storyboard in Resources */ = {isa = PBXBuildFile; fileRef = 6ABB8EC91EF7ECAF004611AB /* LaunchScreen.storyboard */; };
		6ABB8ED51EF7F13F004611AB /* LMArchiveModel.m in Sources */ = {isa = PBXBuildFile; fileRef = 6ABB8ED41EF7F13F004611AB /* LMArchiveModel.m */; };
/* End PBXBuildFile section */

/* Begin PBXFileReference section */
		6A6C1D451EF8BE790066E478 /* LMAccount.h */ = {isa = PBXFileReference; fileEncoding = 4; lastKnownFileType = sourcecode.c.h; path = LMAccount.h; sourceTree = "<group>"; };
		6A6C1D461EF8BE790066E478 /* LMAccount.m */ = {isa = PBXFileReference; fileEncoding = 4; lastKnownFileType = sourcecode.c.objc; path = LMAccount.m; sourceTree = "<group>"; };
		6A6C1D491EF8D4A80066E478 /* UIButton+LMEnlargeTouchArea.h */ = {isa = PBXFileReference; fileEncoding = 4; lastKnownFileType = sourcecode.c.h; path = "UIButton+LMEnlargeTouchArea.h"; sourceTree = "<group>"; };
		6A6C1D4A1EF8D4A80066E478 /* UIButton+LMEnlargeTouchArea.m */ = {isa = PBXFileReference; fileEncoding = 4; lastKnownFileType = sourcecode.c.objc; path = "UIButton+LMEnlargeTouchArea.m"; sourceTree = "<group>"; };
		6A6C1D4C1EF8E46F0066E478 /* LMFirstContrViewController.h */ = {isa = PBXFileReference; fileEncoding = 4; lastKnownFileType = sourcecode.c.h; path = LMFirstContrViewController.h; sourceTree = "<group>"; };
		6A6C1D4D1EF8E46F0066E478 /* LMFirstContrViewController.m */ = {isa = PBXFileReference; fileEncoding = 4; lastKnownFileType = sourcecode.c.objc; path = LMFirstContrViewController.m; sourceTree = "<group>"; };
		6A6C1D4F1EF8E47E0066E478 /* LMSecondViewController.h */ = {isa = PBXFileReference; fileEncoding = 4; lastKnownFileType = sourcecode.c.h; path = LMSecondViewController.h; sourceTree = "<group>"; };
		6A6C1D501EF8E47E0066E478 /* LMSecondViewController.m */ = {isa = PBXFileReference; fileEncoding = 4; lastKnownFileType = sourcecode.c.objc; path = LMSecondViewController.m; sourceTree = "<group>"; };
		6A6C1D521EF8E5790066E478 /* UIButton+LMRetouch.h */ = {isa = PBXFileReference; fileEncoding = 4; lastKnownFileType = sourcecode.c.h; path = "UIButton+LMRetouch.h"; sourceTree = "<group>"; };
		6A6C1D531EF8E5790066E478 /* UIButton+LMRetouch.m */ = {isa = PBXFileReference; fileEncoding = 4; lastKnownFileType = sourcecode.c.objc; path = "UIButton+LMRetouch.m"; sourceTree = "<group>"; };
		6A6C1D551EF8E8310066E478 /* UIViewController+LMStatistics.h */ = {isa = PBXFileReference; fileEncoding = 4; lastKnownFileType = sourcecode.c.h; path = "UIViewController+LMStatistics.h"; sourceTree = "<group>"; };
		6A6C1D561EF8E8310066E478 /* UIViewController+LMStatistics.m */ = {isa = PBXFileReference; fileEncoding = 4; lastKnownFileType = sourcecode.c.objc; path = "UIViewController+LMStatistics.m"; sourceTree = "<group>"; };
		6ABB8EB81EF7ECAF004611AB /* LMRunTime.app */ = {isa = PBXFileReference; explicitFileType = wrapper.application; includeInIndex = 0; path = LMRunTime.app; sourceTree = BUILT_PRODUCTS_DIR; };
		6ABB8EBC1EF7ECAF004611AB /* main.m */ = {isa = PBXFileReference; lastKnownFileType = sourcecode.c.objc; path = main.m; sourceTree = "<group>"; };
		6ABB8EBE1EF7ECAF004611AB /* AppDelegate.h */ = {isa = PBXFileReference; lastKnownFileType = sourcecode.c.h; path = AppDelegate.h; sourceTree = "<group>"; };
		6ABB8EBF1EF7ECAF004611AB /* AppDelegate.m */ = {isa = PBXFileReference; lastKnownFileType = sourcecode.c.objc; path = AppDelegate.m; sourceTree = "<group>"; };
		6ABB8EC11EF7ECAF004611AB /* ViewController.h */ = {isa = PBXFileReference; lastKnownFileType = sourcecode.c.h; path = ViewController.h; sourceTree = "<group>"; };
		6ABB8EC21EF7ECAF004611AB /* ViewController.m */ = {isa = PBXFileReference; lastKnownFileType = sourcecode.c.objc; path = ViewController.m; sourceTree = "<group>"; };
		6ABB8EC51EF7ECAF004611AB /* Base */ = {isa = PBXFileReference; lastKnownFileType = file.storyboard; name = Base; path = Base.lproj/Main.storyboard; sourceTree = "<group>"; };
		6ABB8EC71EF7ECAF004611AB /* Assets.xcassets */ = {isa = PBXFileReference; lastKnownFileType = folder.assetcatalog; path = Assets.xcassets; sourceTree = "<group>"; };
		6ABB8ECA1EF7ECAF004611AB /* Base */ = {isa = PBXFileReference; lastKnownFileType = file.storyboard; name = Base; path = Base.lproj/LaunchScreen.storyboard; sourceTree = "<group>"; };
		6ABB8ECC1EF7ECAF004611AB /* Info.plist */ = {isa = PBXFileReference; lastKnownFileType = text.plist.xml; path = Info.plist; sourceTree = "<group>"; };
		6ABB8ED31EF7F13F004611AB /* LMArchiveModel.h */ = {isa = PBXFileReference; fileEncoding = 4; lastKnownFileType = sourcecode.c.h; path = LMArchiveModel.h; sourceTree = "<group>"; };
		6ABB8ED41EF7F13F004611AB /* LMArchiveModel.m */ = {isa = PBXFileReference; fileEncoding = 4; lastKnownFileType = sourcecode.c.objc; path = LMArchiveModel.m; sourceTree = "<group>"; };
/* End PBXFileReference section */

/* Begin PBXFrameworksBuildPhase section */
		6ABB8EB51EF7ECAF004611AB /* Frameworks */ = {
			isa = PBXFrameworksBuildPhase;
			buildActionMask = 2147483647;
			files = (
			);
			runOnlyForDeploymentPostprocessing = 0;
		};
/* End PBXFrameworksBuildPhase section */

/* Begin PBXGroup section */
		6A6C1D481EF8D4640066E478 /* Category */ = {
			isa = PBXGroup;
			children = (
				6A6C1D491EF8D4A80066E478 /* UIButton+LMEnlargeTouchArea.h */,
				6A6C1D4A1EF8D4A80066E478 /* UIButton+LMEnlargeTouchArea.m */,
				6A6C1D521EF8E5790066E478 /* UIButton+LMRetouch.h */,
				6A6C1D531EF8E5790066E478 /* UIButton+LMRetouch.m */,
				6A6C1D551EF8E8310066E478 /* UIViewController+LMStatistics.h */,
				6A6C1D561EF8E8310066E478 /* UIViewController+LMStatistics.m */,
			);
			path = Category;
			sourceTree = "<group>";
		};
		6ABB8EAF1EF7ECAF004611AB = {
			isa = PBXGroup;
			children = (
				6ABB8EBA1EF7ECAF004611AB /* LMRunTime */,
				6ABB8EB91EF7ECAF004611AB /* Products */,
			);
			sourceTree = "<group>";
		};
		6ABB8EB91EF7ECAF004611AB /* Products */ = {
			isa = PBXGroup;
			children = (
				6ABB8EB81EF7ECAF004611AB /* LMRunTime.app */,
			);
			name = Products;
			sourceTree = "<group>";
		};
		6ABB8EBA1EF7ECAF004611AB /* LMRunTime */ = {
			isa = PBXGroup;
			children = (
				6A6C1D481EF8D4640066E478 /* Category */,
				6ABB8ED21EF7F124004611AB /* ModelArchive */,
				6ABB8EBE1EF7ECAF004611AB /* AppDelegate.h */,
				6ABB8EBF1EF7ECAF004611AB /* AppDelegate.m */,
				6ABB8EC11EF7ECAF004611AB /* ViewController.h */,
				6ABB8EC21EF7ECAF004611AB /* ViewController.m */,
				6A6C1D4C1EF8E46F0066E478 /* LMFirstContrViewController.h */,
				6A6C1D4D1EF8E46F0066E478 /* LMFirstContrViewController.m */,
				6A6C1D4F1EF8E47E0066E478 /* LMSecondViewController.h */,
				6A6C1D501EF8E47E0066E478 /* LMSecondViewController.m */,
				6ABB8EC41EF7ECAF004611AB /* Main.storyboard */,
				6ABB8EC71EF7ECAF004611AB /* Assets.xcassets */,
				6ABB8EC91EF7ECAF004611AB /* LaunchScreen.storyboard */,
				6ABB8ECC1EF7ECAF004611AB /* Info.plist */,
				6ABB8EBB1EF7ECAF004611AB /* Supporting Files */,
			);
			path = LMRunTime;
			sourceTree = "<group>";
		};
		6ABB8EBB1EF7ECAF004611AB /* Supporting Files */ = {
			isa = PBXGroup;
			children = (
				6ABB8EBC1EF7ECAF004611AB /* main.m */,
			);
			name = "Supporting Files";
			sourceTree = "<group>";
		};
		6ABB8ED21EF7F124004611AB /* ModelArchive */ = {
			isa = PBXGroup;
			children = (
				6ABB8ED31EF7F13F004611AB /* LMArchiveModel.h */,
				6ABB8ED41EF7F13F004611AB /* LMArchiveModel.m */,
				6A6C1D451EF8BE790066E478 /* LMAccount.h */,
				6A6C1D461EF8BE790066E478 /* LMAccount.m */,
			);
			path = ModelArchive;
			sourceTree = "<group>";
		};
/* End PBXGroup section */

/* Begin PBXNativeTarget section */
		6ABB8EB71EF7ECAF004611AB /* LMRunTime */ = {
			isa = PBXNativeTarget;
			buildConfigurationList = 6ABB8ECF1EF7ECAF004611AB /* Build configuration list for PBXNativeTarget "LMRunTime" */;
			buildPhases = (
				6ABB8EB41EF7ECAF004611AB /* Sources */,
				6ABB8EB51EF7ECAF004611AB /* Frameworks */,
				6ABB8EB61EF7ECAF004611AB /* Resources */,
			);
			buildRules = (
			);
			dependencies = (
			);
			name = LMRunTime;
			productName = LMRunTime;
			productReference = 6ABB8EB81EF7ECAF004611AB /* LMRunTime.app */;
			productType = "com.apple.product-type.application";
		};
/* End PBXNativeTarget section */

/* Begin PBXProject section */
		6ABB8EB01EF7ECAF004611AB /* Project object */ = {
			isa = PBXProject;
			attributes = {
				CLASSPREFIX = LM;
				LastUpgradeCheck = 0820;
				ORGANIZATIONNAME = linhongmin;
				TargetAttributes = {
					6ABB8EB71EF7ECAF004611AB = {
						CreatedOnToolsVersion = 8.2;
						ProvisioningStyle = Automatic;
					};
				};
			};
			buildConfigurationList = 6ABB8EB31EF7ECAF004611AB /* Build configuration list for PBXProject "LMRunTime" */;
			compatibilityVersion = "Xcode 3.2";
			developmentRegion = English;
			hasScannedForEncodings = 0;
			knownRegions = (
				en,
				Base,
			);
			mainGroup = 6ABB8EAF1EF7ECAF004611AB;
			productRefGroup = 6ABB8EB91EF7ECAF004611AB /* Products */;
			projectDirPath = "";
			projectRoot = "";
			targets = (
				6ABB8EB71EF7ECAF004611AB /* LMRunTime */,
			);
		};
/* End PBXProject section */

/* Begin PBXResourcesBuildPhase section */
		6ABB8EB61EF7ECAF004611AB /* Resources */ = {
			isa = PBXResourcesBuildPhase;
			buildActionMask = 2147483647;
			files = (
				6ABB8ECB1EF7ECAF004611AB /* LaunchScreen.storyboard in Resources */,
				6ABB8EC81EF7ECAF004611AB /* Assets.xcassets in Resources */,
				6ABB8EC61EF7ECAF004611AB /* Main.storyboard in Resources */,
			);
			runOnlyForDeploymentPostprocessing = 0;
		};
/* End PBXResourcesBuildPhase section */

/* Begin PBXSourcesBuildPhase section */
		6ABB8EB41EF7ECAF004611AB /* Sources */ = {
			isa = PBXSourcesBuildPhase;
			buildActionMask = 2147483647;
			files = (
				6A6C1D4B1EF8D4A80066E478 /* UIButton+LMEnlargeTouchArea.m in Sources */,
				6ABB8EC31EF7ECAF004611AB /* ViewController.m in Sources */,
				6A6C1D571EF8E8310066E478 /* UIViewController+LMStatistics.m in Sources */,
				6A6C1D4E1EF8E46F0066E478 /* LMFirstContrViewController.m in Sources */,
				6A6C1D541EF8E5790066E478 /* UIButton+LMRetouch.m in Sources */,
				6ABB8EC01EF7ECAF004611AB /* AppDelegate.m in Sources */,
				6ABB8EBD1EF7ECAF004611AB /* main.m in Sources */,
				6A6C1D471EF8BE790066E478 /* LMAccount.m in Sources */,
				6ABB8ED51EF7F13F004611AB /* LMArchiveModel.m in Sources */,
				6A6C1D511EF8E47E0066E478 /* LMSecondViewController.m in Sources */,
			);
			runOnlyForDeploymentPostprocessing = 0;
		};
/* End PBXSourcesBuildPhase section */

/* Begin PBXVariantGroup section */
		6ABB8EC41EF7ECAF004611AB /* Main.storyboard */ = {
			isa = PBXVariantGroup;
			children = (
				6ABB8EC51EF7ECAF004611AB /* Base */,
			);
			name = Main.storyboard;
			sourceTree = "<group>";
		};
		6ABB8EC91EF7ECAF004611AB /* LaunchScreen.storyboard */ = {
			isa = PBXVariantGroup;
			children = (
				6ABB8ECA1EF7ECAF004611AB /* Base */,
			);
			name = LaunchScreen.storyboard;
			sourceTree = "<group>";
		};
/* End PBXVariantGroup section */

/* Begin XCBuildConfiguration section */
		6ABB8ECD1EF7ECAF004611AB /* Debug */ = {
			isa = XCBuildConfiguration;
			buildSettings = {
				ALWAYS_SEARCH_USER_PATHS = NO;
				CLANG_ANALYZER_NONNULL = YES;
				CLANG_CXX_LANGUAGE_STANDARD = "gnu++0x";
				CLANG_CXX_LIBRARY = "libc++";
				CLANG_ENABLE_MODULES = YES;
				CLANG_ENABLE_OBJC_ARC = YES;
				CLANG_WARN_BOOL_CONVERSION = YES;
				CLANG_WARN_CONSTANT_CONVERSION = YES;
				CLANG_WARN_DIRECT_OBJC_ISA_USAGE = YES_ERROR;
				CLANG_WARN_DOCUMENTATION_COMMENTS = YES;
				CLANG_WARN_EMPTY_BODY = YES;
				CLANG_WARN_ENUM_CONVERSION = YES;
				CLANG_WARN_INFINITE_RECURSION = YES;
				CLANG_WARN_INT_CONVERSION = YES;
				CLANG_WARN_OBJC_ROOT_CLASS = YES_ERROR;
				CLANG_WARN_SUSPICIOUS_MOVE = YES;
				CLANG_WARN_UNREACHABLE_CODE = YES;
				CLANG_WARN__DUPLICATE_METHOD_MATCH = YES;
				"CODE_SIGN_IDENTITY[sdk=iphoneos*]" = "iPhone Developer";
				COPY_PHASE_STRIP = NO;
				DEBUG_INFORMATION_FORMAT = dwarf;
				ENABLE_STRICT_OBJC_MSGSEND = YES;
				ENABLE_TESTABILITY = YES;
				GCC_C_LANGUAGE_STANDARD = gnu99;
				GCC_DYNAMIC_NO_PIC = NO;
				GCC_NO_COMMON_BLOCKS = YES;
				GCC_OPTIMIZATION_LEVEL = 0;
				GCC_PREPROCESSOR_DEFINITIONS = (
					"DEBUG=1",
					"$(inherited)",
				);
				GCC_WARN_64_TO_32_BIT_CONVERSION = YES;
				GCC_WARN_ABOUT_RETURN_TYPE = YES_ERROR;
				GCC_WARN_UNDECLARED_SELECTOR = YES;
				GCC_WARN_UNINITIALIZED_AUTOS = YES_AGGRESSIVE;
				GCC_WARN_UNUSED_FUNCTION = YES;
				GCC_WARN_UNUSED_VARIABLE = YES;
				IPHONEOS_DEPLOYMENT_TARGET = 10.2;
				MTL_ENABLE_DEBUG_INFO = YES;
				ONLY_ACTIVE_ARCH = YES;
				SDKROOT = iphoneos;
			};
			name = Debug;
		};
		6ABB8ECE1EF7ECAF004611AB /* Release */ = {
			isa = XCBuildConfiguration;
			buildSettings = {
				ALWAYS_SEARCH_USER_PATHS = NO;
				CLANG_ANALYZER_NONNULL = YES;
				CLANG_CXX_LANGUAGE_STANDARD = "gnu++0x";
				CLANG_CXX_LIBRARY = "libc++";
				CLANG_ENABLE_MODULES = YES;
				CLANG_ENABLE_OBJC_ARC = YES;
				CLANG_WARN_BOOL_CONVERSION = YES;
				CLANG_WARN_CONSTANT_CONVERSION = YES;
				CLANG_WARN_DIRECT_OBJC_ISA_USAGE = YES_ERROR;
				CLANG_WARN_DOCUMENTATION_COMMENTS = YES;
				CLANG_WARN_EMPTY_BODY = YES;
				CLANG_WARN_ENUM_CONVERSION = YES;
				CLANG_WARN_INFINITE_RECURSION = YES;
				CLANG_WARN_INT_CONVERSION = YES;
				CLANG_WARN_OBJC_ROOT_CLASS = YES_ERROR;
				CLANG_WARN_SUSPICIOUS_MOVE = YES;
				CLANG_WARN_UNREACHABLE_CODE = YES;
				CLANG_WARN__DUPLICATE_METHOD_MATCH = YES;
				"CODE_SIGN_IDENTITY[sdk=iphoneos*]" = "iPhone Developer";
				COPY_PHASE_STRIP = NO;
				DEBUG_INFORMATION_FORMAT = "dwarf-with-dsym";
				ENABLE_NS_ASSERTIONS = NO;
				ENABLE_STRICT_OBJC_MSGSEND = YES;
				GCC_C_LANGUAGE_STANDARD = gnu99;
				GCC_NO_COMMON_BLOCKS = YES;
				GCC_WARN_64_TO_32_BIT_CONVERSION = YES;
				GCC_WARN_ABOUT_RETURN_TYPE = YES_ERROR;
				GCC_WARN_UNDECLARED_SELECTOR = YES;
				GCC_WARN_UNINITIALIZED_AUTOS = YES_AGGRESSIVE;
				GCC_WARN_UNUSED_FUNCTION = YES;
				GCC_WARN_UNUSED_VARIABLE = YES;
				IPHONEOS_DEPLOYMENT_TARGET = 10.2;
				MTL_ENABLE_DEBUG_INFO = NO;
				SDKROOT = iphoneos;
				VALIDATE_PRODUCT = YES;
			};
			name = Release;
		};
		6ABB8ED01EF7ECAF004611AB /* Debug */ = {
			isa = XCBuildConfiguration;
			buildSettings = {
				ASSETCATALOG_COMPILER_APPICON_NAME = AppIcon;
				INFOPLIST_FILE = LMRunTime/Info.plist;
				LD_RUNPATH_SEARCH_PATHS = "$(inherited) @executable_path/Frameworks";
				PRODUCT_BUNDLE_IDENTIFIER = com.linhongmin.LMRunTime;
				PRODUCT_NAME = "$(TARGET_NAME)";
			};
			name = Debug;
		};
		6ABB8ED11EF7ECAF004611AB /* Release */ = {
			isa = XCBuildConfiguration;
			buildSettings = {
				ASSETCATALOG_COMPILER_APPICON_NAME = AppIcon;
				INFOPLIST_FILE = LMRunTime/Info.plist;
				LD_RUNPATH_SEARCH_PATHS = "$(inherited) @executable_path/Frameworks";
				PRODUCT_BUNDLE_IDENTIFIER = com.linhongmin.LMRunTime;
				PRODUCT_NAME = "$(TARGET_NAME)";
			};
			name = Release;
		};
/* End XCBuildConfiguration section */

/* Begin XCConfigurationList section */
		6ABB8EB31EF7ECAF004611AB /* Build configuration list for PBXProject "LMRunTime" */ = {
			isa = XCConfigurationList;
			buildConfigurations = (
				6ABB8ECD1EF7ECAF004611AB /* Debug */,
				6ABB8ECE1EF7ECAF004611AB /* Release */,
			);
			defaultConfigurationIsVisible = 0;
			defaultConfigurationName = Release;
		};
		6ABB8ECF1EF7ECAF004611AB /* Build configuration list for PBXNativeTarget "LMRunTime" */ = {
			isa = XCConfigurationList;
			buildConfigurations = (
				6ABB8ED01EF7ECAF004611AB /* Debug */,
				6ABB8ED11EF7ECAF004611AB /* Release */,
			);
			defaultConfigurationIsVisible = 0;
			defaultConfigurationName = Release;
		};
/* End XCConfigurationList section */
	};
	rootObject = 6ABB8EB01EF7ECAF004611AB /* Project object */;
}
